
Microsoft Visual Studio Solution File, Format Version 12.00
# Visual Studio Version 17
VisualStudioVersion = 17.9.34728.123
MinimumVisualStudioVersion = 10.0.40219.1
Project("{FAE04EC0-301F-11D3-BF4B-00C04F79EFBC}") = "Task (worker info)", "Task (worker info)\Task (worker info).csproj", "{4120DCD7-0EA2-492A-AED3-CADA58B0883E}"
EndProject
Global
	GlobalSection(SolutionConfigurationPlatforms) = preSolution
		Debug|Any CPU = Debug|Any CPU
		Release|Any CPU = Release|Any CPU
	EndGlobalSection
	GlobalSection(ProjectConfigurationPlatforms) = postSolution
		{4120DCD7-0EA2-492A-AED3-CADA58B0883E}.Debug|Any CPU.ActiveCfg = Debug|Any CPU
		{4120DCD7-0EA2-492A-AED3-CADA58B0883E}.Debug|Any CPU.Build.0 = Debug|Any CPU
		{4120DCD7-0EA2-492A-AED3-CADA58B0883E}.Release|Any CPU.ActiveCfg = Release|Any CPU
		{4120DCD7-0EA2-492A-AED3-CADA58B0883E}.Release|Any CPU.Build.0 = Release|Any CPU
	EndGlobalSection
	GlobalSection(SolutionProperties) = preSolution
		HideSolutionNode = FALSE
	EndGlobalSection
	GlobalSection(ExtensibilityGlobals) = postSolution
		SolutionGuid = {5A64B7C5-DCF7-431F-9A9A-815D338EE7F5}
	EndGlobalSection
EndGlobal
